// !$*UTF8*$!
{
	archiveVersion = 1;
	classes = {
	};
	objectVersion = 46;
	objects = {

/* Begin PBXBuildFile section */
		08277B8B1A8478FC00D97F65 /* MapKit.framework in Frameworks */ = {isa = PBXBuildFile; fileRef = 08277B8A1A8478FC00D97F65 /* MapKit.framework */; };
		083AEF481A899123004D6874 /* CATAzureService.swift in Sources */ = {isa = PBXBuildFile; fileRef = 083AEF471A899123004D6874 /* CATAzureService.swift */; };
		088F03601A7F04B300292507 /* AVFoundation.framework in Frameworks */ = {isa = PBXBuildFile; fileRef = 088F035F1A7F04B300292507 /* AVFoundation.framework */; };
		088F03621A7F04B900292507 /* CoreData.framework in Frameworks */ = {isa = PBXBuildFile; fileRef = 088F03611A7F04B900292507 /* CoreData.framework */; };
		088F03641A7F04C200292507 /* CoreLocation.framework in Frameworks */ = {isa = PBXBuildFile; fileRef = 088F03631A7F04C200292507 /* CoreLocation.framework */; };
		089A59911AAD6257008F82A6 /* CATAzureServiceTests.swift in Sources */ = {isa = PBXBuildFile; fileRef = 089A59901AAD6257008F82A6 /* CATAzureServiceTests.swift */; };
		08B855081A79F90F006F035F /* AppDelegate.swift in Sources */ = {isa = PBXBuildFile; fileRef = 08B855071A79F90F006F035F /* AppDelegate.swift */; };
		08B8550B1A79F90F006F035F /* CityAudioTour.xcdatamodeld in Sources */ = {isa = PBXBuildFile; fileRef = 08B855091A79F90F006F035F /* CityAudioTour.xcdatamodeld */; };
		08B8550D1A79F90F006F035F /* MainMapViewController.swift in Sources */ = {isa = PBXBuildFile; fileRef = 08B8550C1A79F90F006F035F /* MainMapViewController.swift */; };
		08B855101A79F90F006F035F /* Main.storyboard in Resources */ = {isa = PBXBuildFile; fileRef = 08B8550E1A79F90F006F035F /* Main.storyboard */; };
		08B855121A79F90F006F035F /* Images.xcassets in Resources */ = {isa = PBXBuildFile; fileRef = 08B855111A79F90F006F035F /* Images.xcassets */; };
		08B855151A79F90F006F035F /* LaunchScreen.xib in Resources */ = {isa = PBXBuildFile; fileRef = 08B855131A79F90F006F035F /* LaunchScreen.xib */; };
		08B855211A79F90F006F035F /* CityAudioTourTests.swift in Sources */ = {isa = PBXBuildFile; fileRef = 08B855201A79F90F006F035F /* CityAudioTourTests.swift */; };
		311B43521A924F8F0051E05E /* AttractionImage.swift in Sources */ = {isa = PBXBuildFile; fileRef = 311B43511A924F8F0051E05E /* AttractionImage.swift */; };
		3135BF501A9C3E8E00DD0D46 /* AttractionsManager.swift in Sources */ = {isa = PBXBuildFile; fileRef = 3135BF4F1A9C3E8E00DD0D46 /* AttractionsManager.swift */; };
		3178C96A1AB125B600F26461 /* RoutesManager.swift in Sources */ = {isa = PBXBuildFile; fileRef = 3178C9691AB125B600F26461 /* RoutesManager.swift */; };
		3191CB581A92D93900939865 /* AttractionContent.swift in Sources */ = {isa = PBXBuildFile; fileRef = 3191CB571A92D93900939865 /* AttractionContent.swift */; };
		3194A0881AA03CEA00757252 /* ClassificationManager.swift in Sources */ = {isa = PBXBuildFile; fileRef = 3194A0871AA03CEA00757252 /* ClassificationManager.swift */; };
		3194A08A1AA0447000757252 /* Route.swift in Sources */ = {isa = PBXBuildFile; fileRef = 3194A0891AA0447000757252 /* Route.swift */; };
		3194A08C1AA0448200757252 /* Categroy.swift in Sources */ = {isa = PBXBuildFile; fileRef = 3194A08B1AA0448200757252 /* Categroy.swift */; };
		3194A08E1AA0449100757252 /* Tag.swift in Sources */ = {isa = PBXBuildFile; fileRef = 3194A08D1AA0449100757252 /* Tag.swift */; };
		34F1D3EF674967127641DCED /* Pods_CityAudioTourTests.framework in Frameworks */ = {isa = PBXBuildFile; fileRef = BA8DDDB6BC9677E4C7044109 /* Pods_CityAudioTourTests.framework */; settings = {ATTRIBUTES = (Weak, ); }; };
		8B26EACA1AA106DD0021726C /* AudioTourViewController.swift in Sources */ = {isa = PBXBuildFile; fileRef = 8B26EAC91AA106DD0021726C /* AudioTourViewController.swift */; };
		8B26EACE1AA116570021726C /* AttractionListTableViewController.swift in Sources */ = {isa = PBXBuildFile; fileRef = 8B26EACD1AA116570021726C /* AttractionListTableViewController.swift */; };
		8B26EAD01AA120AA0021726C /* FilterTableViewController.swift in Sources */ = {isa = PBXBuildFile; fileRef = 8B26EACF1AA120AA0021726C /* FilterTableViewController.swift */; };
		8B2CB3E11AB255E400E07AB9 /* SelectAttractionsTableViewController.swift in Sources */ = {isa = PBXBuildFile; fileRef = 8B2CB3E01AB255E400E07AB9 /* SelectAttractionsTableViewController.swift */; };
		8B523B241AA3B0FC002F6010 /* RouteListTableViewController.swift in Sources */ = {isa = PBXBuildFile; fileRef = 8B523B231AA3B0FC002F6010 /* RouteListTableViewController.swift */; };
		8B8E7A7D1ACF595100531218 /* SelectAttractionsManager.swift in Sources */ = {isa = PBXBuildFile; fileRef = 8B8E7A7C1ACF595100531218 /* SelectAttractionsManager.swift */; };
		8BBE8F281A8D6476001861DE /* SwiftyJSON.swift in Sources */ = {isa = PBXBuildFile; fileRef = 8BBE8F271A8D6476001861DE /* SwiftyJSON.swift */; };
		C109F48F1AD61875005C0852 /* DetailPopUp.swift in Sources */ = {isa = PBXBuildFile; fileRef = C109F48E1AD61875005C0852 /* DetailPopUp.swift */; };
		C1412AC31AB755B900E9844D /* ContentViewTests.swift in Sources */ = {isa = PBXBuildFile; fileRef = C1412AC21AB755B900E9844D /* ContentViewTests.swift */; };
		C1412AC51AB755DE00E9844D /* DetailViewTests.swift in Sources */ = {isa = PBXBuildFile; fileRef = C1412AC41AB755DE00E9844D /* DetailViewTests.swift */; };
		C1412AC61AB7571500E9844D /* AudioTourViewController.swift in Sources */ = {isa = PBXBuildFile; fileRef = 8B26EAC91AA106DD0021726C /* AudioTourViewController.swift */; };
		C1412AC71AB7571800E9844D /* DetailViewController.swift in Sources */ = {isa = PBXBuildFile; fileRef = C1737FE41A8D7E8200FC104F /* DetailViewController.swift */; };
		C1412AC91AB7588C00E9844D /* AttractionsManagerTests.swift in Sources */ = {isa = PBXBuildFile; fileRef = C1412AC81AB7588C00E9844D /* AttractionsManagerTests.swift */; };
		C1412ACA1AB7595D00E9844D /* ClassificationManager.swift in Sources */ = {isa = PBXBuildFile; fileRef = 3194A0871AA03CEA00757252 /* ClassificationManager.swift */; };
		C1412ACB1AB7595E00E9844D /* RoutesManager.swift in Sources */ = {isa = PBXBuildFile; fileRef = 3178C9691AB125B600F26461 /* RoutesManager.swift */; };
		C1412ACD1AB765D000E9844D /* RoutesManagerTests.swift in Sources */ = {isa = PBXBuildFile; fileRef = C1412ACC1AB765D000E9844D /* RoutesManagerTests.swift */; };
		C14F3E341AD5D6770042435C /* CameraControl.swift in Sources */ = {isa = PBXBuildFile; fileRef = C14F3E331AD5D6770042435C /* CameraControl.swift */; };
		C14F3E361AD5D8B30042435C /* ClassificationManagerTests.swift in Sources */ = {isa = PBXBuildFile; fileRef = C14F3E351AD5D8B30042435C /* ClassificationManagerTests.swift */; };
		C165E4FE1A9A843300241D05 /* MenuControl.swift in Sources */ = {isa = PBXBuildFile; fileRef = C165E4FD1A9A843300241D05 /* MenuControl.swift */; };
		C1737FE51A8D7E8200FC104F /* DetailViewController.swift in Sources */ = {isa = PBXBuildFile; fileRef = C1737FE41A8D7E8200FC104F /* DetailViewController.swift */; };
		C1737FE71A8D7EB900FC104F /* Attraction.swift in Sources */ = {isa = PBXBuildFile; fileRef = C1737FE61A8D7EB900FC104F /* Attraction.swift */; };
		C1852C6B1AA561320078B29E /* SearchBarDelegate.swift in Sources */ = {isa = PBXBuildFile; fileRef = C1852C6A1AA561320078B29E /* SearchBarDelegate.swift */; };
		C1852C6D1AA561470078B29E /* MapDelegate.swift in Sources */ = {isa = PBXBuildFile; fileRef = C1852C6C1AA561470078B29E /* MapDelegate.swift */; };
		C19F133A1AB0B2CB008542E6 /* SwiftyJSON.swift in Sources */ = {isa = PBXBuildFile; fileRef = 8BBE8F271A8D6476001861DE /* SwiftyJSON.swift */; };
		C19F133B1AB0B2D0008542E6 /* CATAzureService.swift in Sources */ = {isa = PBXBuildFile; fileRef = 083AEF471A899123004D6874 /* CATAzureService.swift */; };
		C19F133C1AB0B2D4008542E6 /* Attraction.swift in Sources */ = {isa = PBXBuildFile; fileRef = C1737FE61A8D7EB900FC104F /* Attraction.swift */; };
		C19F133D1AB0B2D8008542E6 /* AttractionsManager.swift in Sources */ = {isa = PBXBuildFile; fileRef = 3135BF4F1A9C3E8E00DD0D46 /* AttractionsManager.swift */; };
		C19F133E1AB0B2DB008542E6 /* Categroy.swift in Sources */ = {isa = PBXBuildFile; fileRef = 3194A08B1AA0448200757252 /* Categroy.swift */; };
		C19F133F1AB0B2DD008542E6 /* Route.swift in Sources */ = {isa = PBXBuildFile; fileRef = 3194A0891AA0447000757252 /* Route.swift */; };
		C19F13401AB0B2E1008542E6 /* Tag.swift in Sources */ = {isa = PBXBuildFile; fileRef = 3194A08D1AA0449100757252 /* Tag.swift */; };
		C19F13411AB0C108008542E6 /* AttractionImage.swift in Sources */ = {isa = PBXBuildFile; fileRef = 311B43511A924F8F0051E05E /* AttractionImage.swift */; };
		C1DF54081AD6C98100FA9BA8 /* RouteStepPage.swift in Sources */ = {isa = PBXBuildFile; fileRef = C1DF54071AD6C98000FA9BA8 /* RouteStepPage.swift */; };
		E3165F4C82AE4A043EBAC7B3 /* Pods_CityAudioTour.framework in Frameworks */ = {isa = PBXBuildFile; fileRef = C3BF53EC9E8A30168E998717 /* Pods_CityAudioTour.framework */; settings = {ATTRIBUTES = (Weak, ); }; };
/* End PBXBuildFile section */

/* Begin PBXContainerItemProxy section */
		08B8551B1A79F90F006F035F /* PBXContainerItemProxy */ = {
			isa = PBXContainerItemProxy;
			containerPortal = 08B854FA1A79F90E006F035F /* Project object */;
			proxyType = 1;
			remoteGlobalIDString = 08B855011A79F90F006F035F;
			remoteInfo = CityAudioTour;
		};
/* End PBXContainerItemProxy section */

/* Begin PBXFileReference section */
		08277B8A1A8478FC00D97F65 /* MapKit.framework */ = {isa = PBXFileReference; lastKnownFileType = wrapper.framework; name = MapKit.framework; path = System/Library/Frameworks/MapKit.framework; sourceTree = SDKROOT; };
		083AEF471A899123004D6874 /* CATAzureService.swift */ = {isa = PBXFileReference; fileEncoding = 4; lastKnownFileType = sourcecode.swift; path = CATAzureService.swift; sourceTree = "<group>"; };
		088F035F1A7F04B300292507 /* AVFoundation.framework */ = {isa = PBXFileReference; lastKnownFileType = wrapper.framework; name = AVFoundation.framework; path = System/Library/Frameworks/AVFoundation.framework; sourceTree = SDKROOT; };
		088F03611A7F04B900292507 /* CoreData.framework */ = {isa = PBXFileReference; lastKnownFileType = wrapper.framework; name = CoreData.framework; path = System/Library/Frameworks/CoreData.framework; sourceTree = SDKROOT; };
		088F03631A7F04C200292507 /* CoreLocation.framework */ = {isa = PBXFileReference; lastKnownFileType = wrapper.framework; name = CoreLocation.framework; path = System/Library/Frameworks/CoreLocation.framework; sourceTree = SDKROOT; };
		089A59901AAD6257008F82A6 /* CATAzureServiceTests.swift */ = {isa = PBXFileReference; fileEncoding = 4; lastKnownFileType = sourcecode.swift; path = CATAzureServiceTests.swift; sourceTree = "<group>"; };
		089A59921AAD63B9008F82A6 /* CityAudioTour-Bridging-Header.h */ = {isa = PBXFileReference; fileEncoding = 4; lastKnownFileType = sourcecode.c.h; name = "CityAudioTour-Bridging-Header.h"; path = "CityAudioTour/CityAudioTour-Bridging-Header.h"; sourceTree = "<group>"; };
		08B855021A79F90F006F035F /* CityAudioTour.app */ = {isa = PBXFileReference; explicitFileType = wrapper.application; includeInIndex = 0; path = CityAudioTour.app; sourceTree = BUILT_PRODUCTS_DIR; };
		08B855061A79F90F006F035F /* Info.plist */ = {isa = PBXFileReference; lastKnownFileType = text.plist.xml; path = Info.plist; sourceTree = "<group>"; };
		08B855071A79F90F006F035F /* AppDelegate.swift */ = {isa = PBXFileReference; lastKnownFileType = sourcecode.swift; path = AppDelegate.swift; sourceTree = "<group>"; };
		08B8550A1A79F90F006F035F /* CityAudioTour.xcdatamodel */ = {isa = PBXFileReference; lastKnownFileType = wrapper.xcdatamodel; path = CityAudioTour.xcdatamodel; sourceTree = "<group>"; };
		08B8550C1A79F90F006F035F /* MainMapViewController.swift */ = {isa = PBXFileReference; lastKnownFileType = sourcecode.swift; path = MainMapViewController.swift; sourceTree = "<group>"; };
		08B8550F1A79F90F006F035F /* Base */ = {isa = PBXFileReference; lastKnownFileType = file.storyboard; name = Base; path = Base.lproj/Main.storyboard; sourceTree = "<group>"; };
		08B855111A79F90F006F035F /* Images.xcassets */ = {isa = PBXFileReference; lastKnownFileType = folder.assetcatalog; path = Images.xcassets; sourceTree = "<group>"; };
		08B855141A79F90F006F035F /* Base */ = {isa = PBXFileReference; lastKnownFileType = file.xib; name = Base; path = Base.lproj/LaunchScreen.xib; sourceTree = "<group>"; };
		08B8551A1A79F90F006F035F /* CityAudioTourTests.xctest */ = {isa = PBXFileReference; explicitFileType = wrapper.cfbundle; includeInIndex = 0; path = CityAudioTourTests.xctest; sourceTree = BUILT_PRODUCTS_DIR; };
		08B8551F1A79F90F006F035F /* Info.plist */ = {isa = PBXFileReference; lastKnownFileType = text.plist.xml; path = Info.plist; sourceTree = "<group>"; };
		08B855201A79F90F006F035F /* CityAudioTourTests.swift */ = {isa = PBXFileReference; lastKnownFileType = sourcecode.swift; path = CityAudioTourTests.swift; sourceTree = "<group>"; };
		311B43511A924F8F0051E05E /* AttractionImage.swift */ = {isa = PBXFileReference; fileEncoding = 4; lastKnownFileType = sourcecode.swift; path = AttractionImage.swift; sourceTree = "<group>"; };
		3135BF4F1A9C3E8E00DD0D46 /* AttractionsManager.swift */ = {isa = PBXFileReference; fileEncoding = 4; lastKnownFileType = sourcecode.swift; path = AttractionsManager.swift; sourceTree = "<group>"; };
		3178C9691AB125B600F26461 /* RoutesManager.swift */ = {isa = PBXFileReference; fileEncoding = 4; lastKnownFileType = sourcecode.swift; path = RoutesManager.swift; sourceTree = "<group>"; };
		3191CB571A92D93900939865 /* AttractionContent.swift */ = {isa = PBXFileReference; fileEncoding = 4; lastKnownFileType = sourcecode.swift; path = AttractionContent.swift; sourceTree = "<group>"; };
		3194A0871AA03CEA00757252 /* ClassificationManager.swift */ = {isa = PBXFileReference; fileEncoding = 4; lastKnownFileType = sourcecode.swift; path = ClassificationManager.swift; sourceTree = "<group>"; };
		3194A0891AA0447000757252 /* Route.swift */ = {isa = PBXFileReference; fileEncoding = 4; lastKnownFileType = sourcecode.swift; path = Route.swift; sourceTree = "<group>"; };
		3194A08B1AA0448200757252 /* Categroy.swift */ = {isa = PBXFileReference; fileEncoding = 4; lastKnownFileType = sourcecode.swift; path = Categroy.swift; sourceTree = "<group>"; };
		3194A08D1AA0449100757252 /* Tag.swift */ = {isa = PBXFileReference; fileEncoding = 4; lastKnownFileType = sourcecode.swift; path = Tag.swift; sourceTree = "<group>"; };
		49AD066B918E4A266BCEF247 /* Pods-CityAudioTour.debug.xcconfig */ = {isa = PBXFileReference; includeInIndex = 1; lastKnownFileType = text.xcconfig; name = "Pods-CityAudioTour.debug.xcconfig"; path = "Pods/Target Support Files/Pods-CityAudioTour/Pods-CityAudioTour.debug.xcconfig"; sourceTree = "<group>"; };
		595927FF2E4794B91CCAB2CD /* Pods-CityAudioTourTests.release.xcconfig */ = {isa = PBXFileReference; includeInIndex = 1; lastKnownFileType = text.xcconfig; name = "Pods-CityAudioTourTests.release.xcconfig"; path = "Pods/Target Support Files/Pods-CityAudioTourTests/Pods-CityAudioTourTests.release.xcconfig"; sourceTree = "<group>"; };
		6EC86282E4352359A8D83951 /* Pods-CityAudioTour.release.xcconfig */ = {isa = PBXFileReference; includeInIndex = 1; lastKnownFileType = text.xcconfig; name = "Pods-CityAudioTour.release.xcconfig"; path = "Pods/Target Support Files/Pods-CityAudioTour/Pods-CityAudioTour.release.xcconfig"; sourceTree = "<group>"; };
		885ADE63438A5B83E72C48D0 /* Pods-CityAudioTourTests.debug.xcconfig */ = {isa = PBXFileReference; includeInIndex = 1; lastKnownFileType = text.xcconfig; name = "Pods-CityAudioTourTests.debug.xcconfig"; path = "Pods/Target Support Files/Pods-CityAudioTourTests/Pods-CityAudioTourTests.debug.xcconfig"; sourceTree = "<group>"; };
		8B26EAC91AA106DD0021726C /* AudioTourViewController.swift */ = {isa = PBXFileReference; fileEncoding = 4; lastKnownFileType = sourcecode.swift; path = AudioTourViewController.swift; sourceTree = "<group>"; };
		8B26EACD1AA116570021726C /* AttractionListTableViewController.swift */ = {isa = PBXFileReference; fileEncoding = 4; lastKnownFileType = sourcecode.swift; path = AttractionListTableViewController.swift; sourceTree = "<group>"; };
		8B26EACF1AA120AA0021726C /* FilterTableViewController.swift */ = {isa = PBXFileReference; fileEncoding = 4; lastKnownFileType = sourcecode.swift; path = FilterTableViewController.swift; sourceTree = "<group>"; };
		8B2CB3E01AB255E400E07AB9 /* SelectAttractionsTableViewController.swift */ = {isa = PBXFileReference; fileEncoding = 4; lastKnownFileType = sourcecode.swift; path = SelectAttractionsTableViewController.swift; sourceTree = "<group>"; };
		8B523B231AA3B0FC002F6010 /* RouteListTableViewController.swift */ = {isa = PBXFileReference; fileEncoding = 4; lastKnownFileType = sourcecode.swift; path = RouteListTableViewController.swift; sourceTree = "<group>"; };
		8B8E7A7C1ACF595100531218 /* SelectAttractionsManager.swift */ = {isa = PBXFileReference; fileEncoding = 4; lastKnownFileType = sourcecode.swift; path = SelectAttractionsManager.swift; sourceTree = "<group>"; };
		8BBE8F271A8D6476001861DE /* SwiftyJSON.swift */ = {isa = PBXFileReference; fileEncoding = 4; lastKnownFileType = sourcecode.swift; path = SwiftyJSON.swift; sourceTree = "<group>"; };
		BA8DDDB6BC9677E4C7044109 /* Pods_CityAudioTourTests.framework */ = {isa = PBXFileReference; explicitFileType = wrapper.framework; includeInIndex = 0; path = Pods_CityAudioTourTests.framework; sourceTree = BUILT_PRODUCTS_DIR; };
		C109F48E1AD61875005C0852 /* DetailPopUp.swift */ = {isa = PBXFileReference; fileEncoding = 4; lastKnownFileType = sourcecode.swift; path = DetailPopUp.swift; sourceTree = "<group>"; };
		C1412AC21AB755B900E9844D /* ContentViewTests.swift */ = {isa = PBXFileReference; fileEncoding = 4; lastKnownFileType = sourcecode.swift; path = ContentViewTests.swift; sourceTree = "<group>"; };
		C1412AC41AB755DE00E9844D /* DetailViewTests.swift */ = {isa = PBXFileReference; fileEncoding = 4; lastKnownFileType = sourcecode.swift; path = DetailViewTests.swift; sourceTree = "<group>"; };
		C1412AC81AB7588C00E9844D /* AttractionsManagerTests.swift */ = {isa = PBXFileReference; fileEncoding = 4; lastKnownFileType = sourcecode.swift; path = AttractionsManagerTests.swift; sourceTree = "<group>"; };
		C1412ACC1AB765D000E9844D /* RoutesManagerTests.swift */ = {isa = PBXFileReference; fileEncoding = 4; lastKnownFileType = sourcecode.swift; path = RoutesManagerTests.swift; sourceTree = "<group>"; };
		C14F3E331AD5D6770042435C /* CameraControl.swift */ = {isa = PBXFileReference; fileEncoding = 4; lastKnownFileType = sourcecode.swift; path = CameraControl.swift; sourceTree = "<group>"; };
		C14F3E351AD5D8B30042435C /* ClassificationManagerTests.swift */ = {isa = PBXFileReference; fileEncoding = 4; lastKnownFileType = sourcecode.swift; path = ClassificationManagerTests.swift; sourceTree = "<group>"; };
		C165E4FD1A9A843300241D05 /* MenuControl.swift */ = {isa = PBXFileReference; fileEncoding = 4; lastKnownFileType = sourcecode.swift; path = MenuControl.swift; sourceTree = "<group>"; };
		C1737FE41A8D7E8200FC104F /* DetailViewController.swift */ = {isa = PBXFileReference; fileEncoding = 4; lastKnownFileType = sourcecode.swift; path = DetailViewController.swift; sourceTree = "<group>"; };
		C1737FE61A8D7EB900FC104F /* Attraction.swift */ = {isa = PBXFileReference; fileEncoding = 4; lastKnownFileType = sourcecode.swift; path = Attraction.swift; sourceTree = "<group>"; };
		C1852C6A1AA561320078B29E /* SearchBarDelegate.swift */ = {isa = PBXFileReference; fileEncoding = 4; lastKnownFileType = sourcecode.swift; path = SearchBarDelegate.swift; sourceTree = "<group>"; };
		C1852C6C1AA561470078B29E /* MapDelegate.swift */ = {isa = PBXFileReference; fileEncoding = 4; lastKnownFileType = sourcecode.swift; path = MapDelegate.swift; sourceTree = "<group>"; };
		C1DF54071AD6C98000FA9BA8 /* RouteStepPage.swift */ = {isa = PBXFileReference; fileEncoding = 4; lastKnownFileType = sourcecode.swift; path = RouteStepPage.swift; sourceTree = "<group>"; };
		C3BF53EC9E8A30168E998717 /* Pods_CityAudioTour.framework */ = {isa = PBXFileReference; explicitFileType = wrapper.framework; includeInIndex = 0; path = Pods_CityAudioTour.framework; sourceTree = BUILT_PRODUCTS_DIR; };
/* End PBXFileReference section */

/* Begin PBXFrameworksBuildPhase section */
		08B854FF1A79F90F006F035F /* Frameworks */ = {
			isa = PBXFrameworksBuildPhase;
			buildActionMask = 2147483647;
			files = (
				08277B8B1A8478FC00D97F65 /* MapKit.framework in Frameworks */,
				088F03641A7F04C200292507 /* CoreLocation.framework in Frameworks */,
				088F03621A7F04B900292507 /* CoreData.framework in Frameworks */,
				088F03601A7F04B300292507 /* AVFoundation.framework in Frameworks */,
				E3165F4C82AE4A043EBAC7B3 /* Pods_CityAudioTour.framework in Frameworks */,
			);
			runOnlyForDeploymentPostprocessing = 0;
		};
		08B855171A79F90F006F035F /* Frameworks */ = {
			isa = PBXFrameworksBuildPhase;
			buildActionMask = 2147483647;
			files = (
				34F1D3EF674967127641DCED /* Pods_CityAudioTourTests.framework in Frameworks */,
			);
			runOnlyForDeploymentPostprocessing = 0;
		};
/* End PBXFrameworksBuildPhase section */

/* Begin PBXGroup section */
		08277B8C1A8484F800D97F65 /* Managers */ = {
			isa = PBXGroup;
			children = (
				3135BF4F1A9C3E8E00DD0D46 /* AttractionsManager.swift */,
				3194A0871AA03CEA00757252 /* ClassificationManager.swift */,
				3178C9691AB125B600F26461 /* RoutesManager.swift */,
				8B8E7A7C1ACF595100531218 /* SelectAttractionsManager.swift */,
			);
			name = Managers;
			sourceTree = "<group>";
		};
		083AEF421A898FF2004D6874 /* Controllers */ = {
			isa = PBXGroup;
			children = (
				08B8550C1A79F90F006F035F /* MainMapViewController.swift */,
				C1737FE41A8D7E8200FC104F /* DetailViewController.swift */,
				8B26EAC91AA106DD0021726C /* AudioTourViewController.swift */,
				8B26EACD1AA116570021726C /* AttractionListTableViewController.swift */,
				8B26EACF1AA120AA0021726C /* FilterTableViewController.swift */,
				8B523B231AA3B0FC002F6010 /* RouteListTableViewController.swift */,
				8B2CB3E01AB255E400E07AB9 /* SelectAttractionsTableViewController.swift */,
				C1DF54071AD6C98000FA9BA8 /* RouteStepPage.swift */,
			);
			name = Controllers;
			sourceTree = "<group>";
		};
		083AEF431A89900A004D6874 /* Services */ = {
			isa = PBXGroup;
			children = (
				C165E4FD1A9A843300241D05 /* MenuControl.swift */,
				083AEF471A899123004D6874 /* CATAzureService.swift */,
				C14F3E331AD5D6770042435C /* CameraControl.swift */,
				C109F48E1AD61875005C0852 /* DetailPopUp.swift */,
			);
			name = Services;
			sourceTree = "<group>";
		};
		083AEF441A899012004D6874 /* Libraries */ = {
			isa = PBXGroup;
			children = (
				8BBE8F271A8D6476001861DE /* SwiftyJSON.swift */,
			);
			name = Libraries;
			sourceTree = "<group>";
		};
		08B854F91A79F90E006F035F = {
			isa = PBXGroup;
			children = (
				08B855041A79F90F006F035F /* CityAudioTour */,
				08B8551D1A79F90F006F035F /* CityAudioTourTests */,
				08B855031A79F90F006F035F /* Products */,
				4CE0684CFE4C9B70E3A41BE9 /* Pods */,
				22CA8B061C636D74C9E14B77 /* Frameworks */,
			);
			sourceTree = "<group>";
		};
		08B855031A79F90F006F035F /* Products */ = {
			isa = PBXGroup;
			children = (
				08B855021A79F90F006F035F /* CityAudioTour.app */,
				08B8551A1A79F90F006F035F /* CityAudioTourTests.xctest */,
			);
			name = Products;
			sourceTree = "<group>";
		};
		08B855041A79F90F006F035F /* CityAudioTour */ = {
			isa = PBXGroup;
			children = (
				3119D75B1ADEDC990006A5F5 /* Delegates */,
				3119D75A1ADEDC8A0006A5F5 /* Assets */,
				3119D7591ADEDC720006A5F5 /* UI */,
				3178C9681AB1257B00F26461 /* Entities */,
				C1852C691AA560EE0078B29E /* DelegateClass */,
				083AEF441A899012004D6874 /* Libraries */,
				083AEF431A89900A004D6874 /* Services */,
				083AEF421A898FF2004D6874 /* Controllers */,
				08277B8C1A8484F800D97F65 /* Managers */,
				08B855051A79F90F006F035F /* Supporting Files */,
			);
			path = CityAudioTour;
			sourceTree = "<group>";
		};
		08B855051A79F90F006F035F /* Supporting Files */ = {
			isa = PBXGroup;
			children = (
				08B855061A79F90F006F035F /* Info.plist */,
			);
			name = "Supporting Files";
			sourceTree = "<group>";
		};
		08B8551D1A79F90F006F035F /* CityAudioTourTests */ = {
			isa = PBXGroup;
			children = (
				C14F3E351AD5D8B30042435C /* ClassificationManagerTests.swift */,
				C1412ACC1AB765D000E9844D /* RoutesManagerTests.swift */,
				C1412AC81AB7588C00E9844D /* AttractionsManagerTests.swift */,
				C1412AC41AB755DE00E9844D /* DetailViewTests.swift */,
				C1412AC21AB755B900E9844D /* ContentViewTests.swift */,
				08B855201A79F90F006F035F /* CityAudioTourTests.swift */,
				089A59901AAD6257008F82A6 /* CATAzureServiceTests.swift */,
				08B8551E1A79F90F006F035F /* Supporting Files */,
			);
			path = CityAudioTourTests;
			sourceTree = "<group>";
		};
		08B8551E1A79F90F006F035F /* Supporting Files */ = {
			isa = PBXGroup;
			children = (
				08B8551F1A79F90F006F035F /* Info.plist */,
			);
			name = "Supporting Files";
			sourceTree = "<group>";
		};
		22CA8B061C636D74C9E14B77 /* Frameworks */ = {
			isa = PBXGroup;
			children = (
				089A59921AAD63B9008F82A6 /* CityAudioTour-Bridging-Header.h */,
				08277B8A1A8478FC00D97F65 /* MapKit.framework */,
				088F03631A7F04C200292507 /* CoreLocation.framework */,
				088F03611A7F04B900292507 /* CoreData.framework */,
				088F035F1A7F04B300292507 /* AVFoundation.framework */,
				C3BF53EC9E8A30168E998717 /* Pods_CityAudioTour.framework */,
				BA8DDDB6BC9677E4C7044109 /* Pods_CityAudioTourTests.framework */,
			);
			name = Frameworks;
			sourceTree = "<group>";
		};
		3119D7591ADEDC720006A5F5 /* UI */ = {
			isa = PBXGroup;
			children = (
				08B855131A79F90F006F035F /* LaunchScreen.xib */,
				08B8550E1A79F90F006F035F /* Main.storyboard */,
			);
			name = UI;
			sourceTree = "<group>";
		};
		3119D75A1ADEDC8A0006A5F5 /* Assets */ = {
			isa = PBXGroup;
			children = (
				08B855111A79F90F006F035F /* Images.xcassets */,
				08B855091A79F90F006F035F /* CityAudioTour.xcdatamodeld */,
			);
			name = Assets;
			sourceTree = "<group>";
		};
		3119D75B1ADEDC990006A5F5 /* Delegates */ = {
			isa = PBXGroup;
			children = (
				08B855071A79F90F006F035F /* AppDelegate.swift */,
			);
			name = Delegates;
			sourceTree = "<group>";
		};
		3178C9681AB1257B00F26461 /* Entities */ = {
			isa = PBXGroup;
			children = (
				3191CB571A92D93900939865 /* AttractionContent.swift */,
				311B43511A924F8F0051E05E /* AttractionImage.swift */,
				C1737FE61A8D7EB900FC104F /* Attraction.swift */,
				3194A0891AA0447000757252 /* Route.swift */,
				3194A08B1AA0448200757252 /* Categroy.swift */,
				3194A08D1AA0449100757252 /* Tag.swift */,
			);
			name = Entities;
			sourceTree = "<group>";
		};
		4CE0684CFE4C9B70E3A41BE9 /* Pods */ = {
			isa = PBXGroup;
			children = (
				49AD066B918E4A266BCEF247 /* Pods-CityAudioTour.debug.xcconfig */,
				6EC86282E4352359A8D83951 /* Pods-CityAudioTour.release.xcconfig */,
				885ADE63438A5B83E72C48D0 /* Pods-CityAudioTourTests.debug.xcconfig */,
				595927FF2E4794B91CCAB2CD /* Pods-CityAudioTourTests.release.xcconfig */,
			);
			name = Pods;
			sourceTree = "<group>";
		};
		C1852C691AA560EE0078B29E /* DelegateClass */ = {
			isa = PBXGroup;
			children = (
				C1852C6A1AA561320078B29E /* SearchBarDelegate.swift */,
				C1852C6C1AA561470078B29E /* MapDelegate.swift */,
			);
			name = DelegateClass;
			sourceTree = "<group>";
		};
/* End PBXGroup section */

/* Begin PBXNativeTarget section */
		08B855011A79F90F006F035F /* CityAudioTour */ = {
			isa = PBXNativeTarget;
			buildConfigurationList = 08B855241A79F90F006F035F /* Build configuration list for PBXNativeTarget "CityAudioTour" */;
			buildPhases = (
				F96B2D12A117A54D5DA8306B /* Check Pods Manifest.lock */,
				08B854FE1A79F90F006F035F /* Sources */,
				08B854FF1A79F90F006F035F /* Frameworks */,
				08B855001A79F90F006F035F /* Resources */,
				BD943CD8DB3427C3D1584C97 /* Copy Pods Resources */,
				088EA7CC498B9B98D6749554 /* Embed Pods Frameworks */,
			);
			buildRules = (
			);
			dependencies = (
			);
			name = CityAudioTour;
			productName = CityAudioTour;
			productReference = 08B855021A79F90F006F035F /* CityAudioTour.app */;
			productType = "com.apple.product-type.application";
		};
		08B855191A79F90F006F035F /* CityAudioTourTests */ = {
			isa = PBXNativeTarget;
			buildConfigurationList = 08B855271A79F90F006F035F /* Build configuration list for PBXNativeTarget "CityAudioTourTests" */;
			buildPhases = (
				0EA5FBB93C4DD18BBF3C66B2 /* Check Pods Manifest.lock */,
				08B855161A79F90F006F035F /* Sources */,
				08B855171A79F90F006F035F /* Frameworks */,
				08B855181A79F90F006F035F /* Resources */,
				EFB5DE098E55F74711680F0D /* Copy Pods Resources */,
				9F85A5CC0EBBBA833A96C8D0 /* Embed Pods Frameworks */,
			);
			buildRules = (
			);
			dependencies = (
				08B8551C1A79F90F006F035F /* PBXTargetDependency */,
			);
			name = CityAudioTourTests;
			productName = CityAudioTourTests;
			productReference = 08B8551A1A79F90F006F035F /* CityAudioTourTests.xctest */;
			productType = "com.apple.product-type.bundle.unit-test";
		};
/* End PBXNativeTarget section */

/* Begin PBXProject section */
		08B854FA1A79F90E006F035F /* Project object */ = {
			isa = PBXProject;
			attributes = {
				LastUpgradeCheck = 0610;
				ORGANIZATIONNAME = "SE491-591";
				TargetAttributes = {
					08B855011A79F90F006F035F = {
						CreatedOnToolsVersion = 6.1.1;
						DevelopmentTeam = GXQ55J9X7Y;
					};
					08B855191A79F90F006F035F = {
						CreatedOnToolsVersion = 6.1.1;
						DevelopmentTeam = GXQ55J9X7Y;
						TestTargetID = 08B855011A79F90F006F035F;
					};
				};
			};
			buildConfigurationList = 08B854FD1A79F90E006F035F /* Build configuration list for PBXProject "CityAudioTour" */;
			compatibilityVersion = "Xcode 3.2";
			developmentRegion = English;
			hasScannedForEncodings = 0;
			knownRegions = (
				en,
				Base,
			);
			mainGroup = 08B854F91A79F90E006F035F;
			productRefGroup = 08B855031A79F90F006F035F /* Products */;
			projectDirPath = "";
			projectRoot = "";
			targets = (
				08B855011A79F90F006F035F /* CityAudioTour */,
				08B855191A79F90F006F035F /* CityAudioTourTests */,
			);
		};
/* End PBXProject section */

/* Begin PBXResourcesBuildPhase section */
		08B855001A79F90F006F035F /* Resources */ = {
			isa = PBXResourcesBuildPhase;
			buildActionMask = 2147483647;
			files = (
				08B855101A79F90F006F035F /* Main.storyboard in Resources */,
				08B855151A79F90F006F035F /* LaunchScreen.xib in Resources */,
				08B855121A79F90F006F035F /* Images.xcassets in Resources */,
			);
			runOnlyForDeploymentPostprocessing = 0;
		};
		08B855181A79F90F006F035F /* Resources */ = {
			isa = PBXResourcesBuildPhase;
			buildActionMask = 2147483647;
			files = (
			);
			runOnlyForDeploymentPostprocessing = 0;
		};
/* End PBXResourcesBuildPhase section */

/* Begin PBXShellScriptBuildPhase section */
		088EA7CC498B9B98D6749554 /* Embed Pods Frameworks */ = {
			isa = PBXShellScriptBuildPhase;
			buildActionMask = 2147483647;
			files = (
			);
			inputPaths = (
			);
			name = "Embed Pods Frameworks";
			outputPaths = (
			);
			runOnlyForDeploymentPostprocessing = 0;
			shellPath = /bin/sh;
			shellScript = "\"${SRCROOT}/Pods/Target Support Files/Pods-CityAudioTour/Pods-CityAudioTour-frameworks.sh\"\n";
			showEnvVarsInLog = 0;
		};
		0EA5FBB93C4DD18BBF3C66B2 /* Check Pods Manifest.lock */ = {
			isa = PBXShellScriptBuildPhase;
			buildActionMask = 2147483647;
			files = (
			);
			inputPaths = (
			);
			name = "Check Pods Manifest.lock";
			outputPaths = (
			);
			runOnlyForDeploymentPostprocessing = 0;
			shellPath = /bin/sh;
			shellScript = "diff \"${PODS_ROOT}/../Podfile.lock\" \"${PODS_ROOT}/Manifest.lock\" > /dev/null\nif [[ $? != 0 ]] ; then\n    cat << EOM\nerror: The sandbox is not in sync with the Podfile.lock. Run 'pod install' or update your CocoaPods installation.\nEOM\n    exit 1\nfi\n";
			showEnvVarsInLog = 0;
		};
		9F85A5CC0EBBBA833A96C8D0 /* Embed Pods Frameworks */ = {
			isa = PBXShellScriptBuildPhase;
			buildActionMask = 2147483647;
			files = (
			);
			inputPaths = (
			);
			name = "Embed Pods Frameworks";
			outputPaths = (
			);
			runOnlyForDeploymentPostprocessing = 0;
			shellPath = /bin/sh;
			shellScript = "\"${SRCROOT}/Pods/Target Support Files/Pods-CityAudioTourTests/Pods-CityAudioTourTests-frameworks.sh\"\n";
			showEnvVarsInLog = 0;
		};
		BD943CD8DB3427C3D1584C97 /* Copy Pods Resources */ = {
			isa = PBXShellScriptBuildPhase;
			buildActionMask = 2147483647;
			files = (
			);
			inputPaths = (
			);
			name = "Copy Pods Resources";
			outputPaths = (
			);
			runOnlyForDeploymentPostprocessing = 0;
			shellPath = /bin/sh;
			shellScript = "\"${SRCROOT}/Pods/Target Support Files/Pods-CityAudioTour/Pods-CityAudioTour-resources.sh\"\n";
			showEnvVarsInLog = 0;
		};
		EFB5DE098E55F74711680F0D /* Copy Pods Resources */ = {
			isa = PBXShellScriptBuildPhase;
			buildActionMask = 2147483647;
			files = (
			);
			inputPaths = (
			);
			name = "Copy Pods Resources";
			outputPaths = (
			);
			runOnlyForDeploymentPostprocessing = 0;
			shellPath = /bin/sh;
			shellScript = "\"${SRCROOT}/Pods/Target Support Files/Pods-CityAudioTourTests/Pods-CityAudioTourTests-resources.sh\"\n";
			showEnvVarsInLog = 0;
		};
		F96B2D12A117A54D5DA8306B /* Check Pods Manifest.lock */ = {
			isa = PBXShellScriptBuildPhase;
			buildActionMask = 2147483647;
			files = (
			);
			inputPaths = (
			);
			name = "Check Pods Manifest.lock";
			outputPaths = (
			);
			runOnlyForDeploymentPostprocessing = 0;
			shellPath = /bin/sh;
			shellScript = "diff \"${PODS_ROOT}/../Podfile.lock\" \"${PODS_ROOT}/Manifest.lock\" > /dev/null\nif [[ $? != 0 ]] ; then\n    cat << EOM\nerror: The sandbox is not in sync with the Podfile.lock. Run 'pod install' or update your CocoaPods installation.\nEOM\n    exit 1\nfi\n";
			showEnvVarsInLog = 0;
		};
/* End PBXShellScriptBuildPhase section */

/* Begin PBXSourcesBuildPhase section */
		08B854FE1A79F90F006F035F /* Sources */ = {
			isa = PBXSourcesBuildPhase;
			buildActionMask = 2147483647;
			files = (
				3194A08E1AA0449100757252 /* Tag.swift in Sources */,
				311B43521A924F8F0051E05E /* AttractionImage.swift in Sources */,
				8B2CB3E11AB255E400E07AB9 /* SelectAttractionsTableViewController.swift in Sources */,
				C1737FE51A8D7E8200FC104F /* DetailViewController.swift in Sources */,
				8B523B241AA3B0FC002F6010 /* RouteListTableViewController.swift in Sources */,
				8B26EACA1AA106DD0021726C /* AudioTourViewController.swift in Sources */,
				3194A08A1AA0447000757252 /* Route.swift in Sources */,
				C1852C6B1AA561320078B29E /* SearchBarDelegate.swift in Sources */,
				C1737FE71A8D7EB900FC104F /* Attraction.swift in Sources */,
				C109F48F1AD61875005C0852 /* DetailPopUp.swift in Sources */,
				C14F3E341AD5D6770042435C /* CameraControl.swift in Sources */,
				08B8550D1A79F90F006F035F /* MainMapViewController.swift in Sources */,
				3135BF501A9C3E8E00DD0D46 /* AttractionsManager.swift in Sources */,
				3194A08C1AA0448200757252 /* Categroy.swift in Sources */,
				8BBE8F281A8D6476001861DE /* SwiftyJSON.swift in Sources */,
				8B26EAD01AA120AA0021726C /* FilterTableViewController.swift in Sources */,
				08B855081A79F90F006F035F /* AppDelegate.swift in Sources */,
				3178C96A1AB125B600F26461 /* RoutesManager.swift in Sources */,
				8B8E7A7D1ACF595100531218 /* SelectAttractionsManager.swift in Sources */,
				C1DF54081AD6C98100FA9BA8 /* RouteStepPage.swift in Sources */,
				8B26EACE1AA116570021726C /* AttractionListTableViewController.swift in Sources */,
				08B8550B1A79F90F006F035F /* CityAudioTour.xcdatamodeld in Sources */,
				3194A0881AA03CEA00757252 /* ClassificationManager.swift in Sources */,
				C165E4FE1A9A843300241D05 /* MenuControl.swift in Sources */,
				C1852C6D1AA561470078B29E /* MapDelegate.swift in Sources */,
				3191CB581A92D93900939865 /* AttractionContent.swift in Sources */,
				083AEF481A899123004D6874 /* CATAzureService.swift in Sources */,
			);
			runOnlyForDeploymentPostprocessing = 0;
		};
		08B855161A79F90F006F035F /* Sources */ = {
			isa = PBXSourcesBuildPhase;
			buildActionMask = 2147483647;
			files = (
				C19F133B1AB0B2D0008542E6 /* CATAzureService.swift in Sources */,
				C1412ACA1AB7595D00E9844D /* ClassificationManager.swift in Sources */,
				C1412AC31AB755B900E9844D /* ContentViewTests.swift in Sources */,
				C19F133A1AB0B2CB008542E6 /* SwiftyJSON.swift in Sources */,
				C19F133D1AB0B2D8008542E6 /* AttractionsManager.swift in Sources */,
				C1412AC61AB7571500E9844D /* AudioTourViewController.swift in Sources */,
				C19F133C1AB0B2D4008542E6 /* Attraction.swift in Sources */,
				C1412AC51AB755DE00E9844D /* DetailViewTests.swift in Sources */,
				C19F13411AB0C108008542E6 /* AttractionImage.swift in Sources */,
				C14F3E361AD5D8B30042435C /* ClassificationManagerTests.swift in Sources */,
				089A59911AAD6257008F82A6 /* CATAzureServiceTests.swift in Sources */,
				C19F133F1AB0B2DD008542E6 /* Route.swift in Sources */,
				C1412ACD1AB765D000E9844D /* RoutesManagerTests.swift in Sources */,
				C19F13401AB0B2E1008542E6 /* Tag.swift in Sources */,
				C1412ACB1AB7595E00E9844D /* RoutesManager.swift in Sources */,
				08B855211A79F90F006F035F /* CityAudioTourTests.swift in Sources */,
				C19F133E1AB0B2DB008542E6 /* Categroy.swift in Sources */,
				C1412AC71AB7571800E9844D /* DetailViewController.swift in Sources */,
				C1412AC91AB7588C00E9844D /* AttractionsManagerTests.swift in Sources */,
			);
			runOnlyForDeploymentPostprocessing = 0;
		};
/* End PBXSourcesBuildPhase section */

/* Begin PBXTargetDependency section */
		08B8551C1A79F90F006F035F /* PBXTargetDependency */ = {
			isa = PBXTargetDependency;
			target = 08B855011A79F90F006F035F /* CityAudioTour */;
			targetProxy = 08B8551B1A79F90F006F035F /* PBXContainerItemProxy */;
		};
/* End PBXTargetDependency section */

/* Begin PBXVariantGroup section */
		08B8550E1A79F90F006F035F /* Main.storyboard */ = {
			isa = PBXVariantGroup;
			children = (
				08B8550F1A79F90F006F035F /* Base */,
			);
			name = Main.storyboard;
			sourceTree = "<group>";
		};
		08B855131A79F90F006F035F /* LaunchScreen.xib */ = {
			isa = PBXVariantGroup;
			children = (
				08B855141A79F90F006F035F /* Base */,
			);
			name = LaunchScreen.xib;
			sourceTree = "<group>";
		};
/* End PBXVariantGroup section */

/* Begin XCBuildConfiguration section */
		08B855221A79F90F006F035F /* Debug */ = {
			isa = XCBuildConfiguration;
			buildSettings = {
				ALWAYS_SEARCH_USER_PATHS = NO;
				CLANG_CXX_LANGUAGE_STANDARD = "gnu++0x";
				CLANG_CXX_LIBRARY = "libc++";
				CLANG_ENABLE_MODULES = YES;
				CLANG_ENABLE_OBJC_ARC = YES;
				CLANG_WARN_BOOL_CONVERSION = YES;
				CLANG_WARN_CONSTANT_CONVERSION = YES;
				CLANG_WARN_DIRECT_OBJC_ISA_USAGE = YES_ERROR;
				CLANG_WARN_EMPTY_BODY = YES;
				CLANG_WARN_ENUM_CONVERSION = YES;
				CLANG_WARN_INT_CONVERSION = YES;
				CLANG_WARN_OBJC_ROOT_CLASS = YES_ERROR;
				CLANG_WARN_UNREACHABLE_CODE = YES;
				CLANG_WARN__DUPLICATE_METHOD_MATCH = YES;
				"CODE_SIGN_IDENTITY[sdk=iphoneos*]" = "iPhone Developer: Juan Pablo Paramo Quinterio (7KJKZ92EG7)";
				COPY_PHASE_STRIP = NO;
				ENABLE_STRICT_OBJC_MSGSEND = YES;
				GCC_C_LANGUAGE_STANDARD = gnu99;
				GCC_DYNAMIC_NO_PIC = NO;
				GCC_OPTIMIZATION_LEVEL = 0;
				GCC_PREPROCESSOR_DEFINITIONS = (
					"DEBUG=1",
					"$(inherited)",
				);
				GCC_SYMBOLS_PRIVATE_EXTERN = NO;
				GCC_WARN_64_TO_32_BIT_CONVERSION = YES;
				GCC_WARN_ABOUT_RETURN_TYPE = YES_ERROR;
				GCC_WARN_UNDECLARED_SELECTOR = YES;
				GCC_WARN_UNINITIALIZED_AUTOS = YES_AGGRESSIVE;
				GCC_WARN_UNUSED_FUNCTION = YES;
				GCC_WARN_UNUSED_VARIABLE = YES;
				IPHONEOS_DEPLOYMENT_TARGET = 8.0;
				MTL_ENABLE_DEBUG_INFO = YES;
				ONLY_ACTIVE_ARCH = YES;
				OTHER_LDFLAGS = "";
				PROVISIONING_PROFILE = "427f48e2-7a7a-42f0-8364-5dab9623d0ec";
				SDKROOT = iphoneos;
				SWIFT_OPTIMIZATION_LEVEL = "-Onone";
			};
			name = Debug;
		};
		08B855231A79F90F006F035F /* Release */ = {
			isa = XCBuildConfiguration;
			buildSettings = {
				ALWAYS_SEARCH_USER_PATHS = NO;
				CLANG_CXX_LANGUAGE_STANDARD = "gnu++0x";
				CLANG_CXX_LIBRARY = "libc++";
				CLANG_ENABLE_MODULES = YES;
				CLANG_ENABLE_OBJC_ARC = YES;
				CLANG_WARN_BOOL_CONVERSION = YES;
				CLANG_WARN_CONSTANT_CONVERSION = YES;
				CLANG_WARN_DIRECT_OBJC_ISA_USAGE = YES_ERROR;
				CLANG_WARN_EMPTY_BODY = YES;
				CLANG_WARN_ENUM_CONVERSION = YES;
				CLANG_WARN_INT_CONVERSION = YES;
				CLANG_WARN_OBJC_ROOT_CLASS = YES_ERROR;
				CLANG_WARN_UNREACHABLE_CODE = YES;
				CLANG_WARN__DUPLICATE_METHOD_MATCH = YES;
				"CODE_SIGN_IDENTITY[sdk=iphoneos*]" = "iPhone Distribution: Juan Pablo Paramo Quinterio (GXQ55J9X7Y)";
				COPY_PHASE_STRIP = YES;
				ENABLE_NS_ASSERTIONS = NO;
				ENABLE_STRICT_OBJC_MSGSEND = YES;
				GCC_C_LANGUAGE_STANDARD = gnu99;
				GCC_WARN_64_TO_32_BIT_CONVERSION = YES;
				GCC_WARN_ABOUT_RETURN_TYPE = YES_ERROR;
				GCC_WARN_UNDECLARED_SELECTOR = YES;
				GCC_WARN_UNINITIALIZED_AUTOS = YES_AGGRESSIVE;
				GCC_WARN_UNUSED_FUNCTION = YES;
				GCC_WARN_UNUSED_VARIABLE = YES;
				IPHONEOS_DEPLOYMENT_TARGET = 8.0;
				MTL_ENABLE_DEBUG_INFO = NO;
				OTHER_LDFLAGS = "";
				PROVISIONING_PROFILE = "75778277-dddf-4609-8e92-aee9ed31b183";
				SDKROOT = iphoneos;
				VALIDATE_PRODUCT = YES;
			};
			name = Release;
		};
		08B855251A79F90F006F035F /* Debug */ = {
			isa = XCBuildConfiguration;
			baseConfigurationReference = 49AD066B918E4A266BCEF247 /* Pods-CityAudioTour.debug.xcconfig */;
			buildSettings = {
				ASSETCATALOG_COMPILER_APPICON_NAME = AppIcon;
				CLANG_ENABLE_MODULES = YES;
				CODE_SIGN_IDENTITY = "iPhone Developer";
				FRAMEWORK_SEARCH_PATHS = "$(inherited)";
				INFOPLIST_FILE = CityAudioTour/Info.plist;
				IPHONEOS_DEPLOYMENT_TARGET = 8.0;
				LD_RUNPATH_SEARCH_PATHS = "$(inherited) @executable_path/Frameworks";
				PRODUCT_NAME = "$(TARGET_NAME)";
				SWIFT_OBJC_BRIDGING_HEADER = "CityAudioTour/CityAudioTour-Bridging-Header.h";
				SWIFT_OPTIMIZATION_LEVEL = "-Onone";
			};
			name = Debug;
		};
		08B855261A79F90F006F035F /* Release */ = {
			isa = XCBuildConfiguration;
			baseConfigurationReference = 6EC86282E4352359A8D83951 /* Pods-CityAudioTour.release.xcconfig */;
			buildSettings = {
				ASSETCATALOG_COMPILER_APPICON_NAME = AppIcon;
				CLANG_ENABLE_MODULES = YES;
				CODE_SIGN_IDENTITY = "iPhone Developer";
				FRAMEWORK_SEARCH_PATHS = "$(inherited)";
				INFOPLIST_FILE = CityAudioTour/Info.plist;
				IPHONEOS_DEPLOYMENT_TARGET = 8.0;
				LD_RUNPATH_SEARCH_PATHS = "$(inherited) @executable_path/Frameworks";
				PRODUCT_NAME = "$(TARGET_NAME)";
				SWIFT_OBJC_BRIDGING_HEADER = "CityAudioTour/CityAudioTour-Bridging-Header.h";
			};
			name = Release;
		};
		08B855281A79F90F006F035F /* Debug */ = {
			isa = XCBuildConfiguration;
			baseConfigurationReference = 885ADE63438A5B83E72C48D0 /* Pods-CityAudioTourTests.debug.xcconfig */;
			buildSettings = {
				BUNDLE_LOADER = "$(TEST_HOST)";
				CODE_SIGN_IDENTITY = "iPhone Developer";
				"CODE_SIGN_IDENTITY[sdk=iphoneos*]" = "iPhone Developer";
				FRAMEWORK_SEARCH_PATHS = (
					"$(SDKROOT)/Developer/Library/Frameworks",
					"$(inherited)",
				);
				GCC_PREPROCESSOR_DEFINITIONS = (
					"DEBUG=1",
					"$(inherited)",
				);
				INFOPLIST_FILE = CityAudioTourTests/Info.plist;
				LD_RUNPATH_SEARCH_PATHS = "$(inherited) @executable_path/Frameworks @loader_path/Frameworks";
				PRODUCT_NAME = "$(TARGET_NAME)";
				PROVISIONING_PROFILE = "";
				TEST_HOST = "$(BUILT_PRODUCTS_DIR)/CityAudioTour.app/CityAudioTour";
			};
			name = Debug;
		};
		08B855291A79F90F006F035F /* Release */ = {
			isa = XCBuildConfiguration;
			baseConfigurationReference = 595927FF2E4794B91CCAB2CD /* Pods-CityAudioTourTests.release.xcconfig */;
			buildSettings = {
				BUNDLE_LOADER = "$(TEST_HOST)";
				CODE_SIGN_IDENTITY = "iPhone Developer";
				"CODE_SIGN_IDENTITY[sdk=iphoneos*]" = "iPhone Developer";
				FRAMEWORK_SEARCH_PATHS = (
					"$(SDKROOT)/Developer/Library/Frameworks",
					"$(inherited)",
				);
				INFOPLIST_FILE = CityAudioTourTests/Info.plist;
				LD_RUNPATH_SEARCH_PATHS = "$(inherited) @executable_path/Frameworks @loader_path/Frameworks";
				PRODUCT_NAME = "$(TARGET_NAME)";
				PROVISIONING_PROFILE = "";
				TEST_HOST = "$(BUILT_PRODUCTS_DIR)/CityAudioTour.app/CityAudioTour";
			};
			name = Release;
		};
/* End XCBuildConfiguration section */

/* Begin XCConfigurationList section */
		08B854FD1A79F90E006F035F /* Build configuration list for PBXProject "CityAudioTour" */ = {
			isa = XCConfigurationList;
			buildConfigurations = (
				08B855221A79F90F006F035F /* Debug */,
				08B855231A79F90F006F035F /* Release */,
			);
			defaultConfigurationIsVisible = 0;
			defaultConfigurationName = Release;
		};
		08B855241A79F90F006F035F /* Build configuration list for PBXNativeTarget "CityAudioTour" */ = {
			isa = XCConfigurationList;
			buildConfigurations = (
				08B855251A79F90F006F035F /* Debug */,
				08B855261A79F90F006F035F /* Release */,
			);
			defaultConfigurationIsVisible = 0;
			defaultConfigurationName = Release;
		};
		08B855271A79F90F006F035F /* Build configuration list for PBXNativeTarget "CityAudioTourTests" */ = {
			isa = XCConfigurationList;
			buildConfigurations = (
				08B855281A79F90F006F035F /* Debug */,
				08B855291A79F90F006F035F /* Release */,
			);
			defaultConfigurationIsVisible = 0;
			defaultConfigurationName = Release;
		};
/* End XCConfigurationList section */

/* Begin XCVersionGroup section */
		08B855091A79F90F006F035F /* CityAudioTour.xcdatamodeld */ = {
			isa = XCVersionGroup;
			children = (
				08B8550A1A79F90F006F035F /* CityAudioTour.xcdatamodel */,
			);
			currentVersion = 08B8550A1A79F90F006F035F /* CityAudioTour.xcdatamodel */;
			path = CityAudioTour.xcdatamodeld;
			sourceTree = "<group>";
			versionGroupType = wrapper.xcdatamodel;
		};
/* End XCVersionGroup section */
	};
	rootObject = 08B854FA1A79F90E006F035F /* Project object */;
}
