// !$*UTF8*$!
{
	archiveVersion = 1;
	classes = {
	};
	objectVersion = 46;
	objects = {

/* Begin PBXBuildFile section */
		081F46C81A8879B50072BA16 /* MapViewAttraction.swift in Sources */ = {isa = PBXBuildFile; fileRef = 081F46C71A8879B50072BA16 /* MapViewAttraction.swift */; };
		08277B8B1A8478FC00D97F65 /* MapKit.framework in Frameworks */ = {isa = PBXBuildFile; fileRef = 08277B8A1A8478FC00D97F65 /* MapKit.framework */; };
		083AEF461A899117004D6874 /* TestLibraryFile.swift in Sources */ = {isa = PBXBuildFile; fileRef = 083AEF451A899117004D6874 /* TestLibraryFile.swift */; };
		083AEF481A899123004D6874 /* CATAzureService.swift in Sources */ = {isa = PBXBuildFile; fileRef = 083AEF471A899123004D6874 /* CATAzureService.swift */; };
		088F03601A7F04B300292507 /* AVFoundation.framework in Frameworks */ = {isa = PBXBuildFile; fileRef = 088F035F1A7F04B300292507 /* AVFoundation.framework */; };
		088F03621A7F04B900292507 /* CoreData.framework in Frameworks */ = {isa = PBXBuildFile; fileRef = 088F03611A7F04B900292507 /* CoreData.framework */; };
		088F03641A7F04C200292507 /* CoreLocation.framework in Frameworks */ = {isa = PBXBuildFile; fileRef = 088F03631A7F04C200292507 /* CoreLocation.framework */; };
		08B855081A79F90F006F035F /* AppDelegate.swift in Sources */ = {isa = PBXBuildFile; fileRef = 08B855071A79F90F006F035F /* AppDelegate.swift */; };
		08B8550B1A79F90F006F035F /* CityAudioTour.xcdatamodeld in Sources */ = {isa = PBXBuildFile; fileRef = 08B855091A79F90F006F035F /* CityAudioTour.xcdatamodeld */; };
		08B8550D1A79F90F006F035F /* MainMapViewController.swift in Sources */ = {isa = PBXBuildFile; fileRef = 08B8550C1A79F90F006F035F /* MainMapViewController.swift */; };
		08B855101A79F90F006F035F /* Main.storyboard in Resources */ = {isa = PBXBuildFile; fileRef = 08B8550E1A79F90F006F035F /* Main.storyboard */; };
		08B855121A79F90F006F035F /* Images.xcassets in Resources */ = {isa = PBXBuildFile; fileRef = 08B855111A79F90F006F035F /* Images.xcassets */; };
		08B855151A79F90F006F035F /* LaunchScreen.xib in Resources */ = {isa = PBXBuildFile; fileRef = 08B855131A79F90F006F035F /* LaunchScreen.xib */; };
		08B855211A79F90F006F035F /* CityAudioTourTests.swift in Sources */ = {isa = PBXBuildFile; fileRef = 08B855201A79F90F006F035F /* CityAudioTourTests.swift */; };
		8BBE8F241A8D4058001861DE /* TextToSpeechViewController.swift in Sources */ = {isa = PBXBuildFile; fileRef = 8BBE8F231A8D4058001861DE /* TextToSpeechViewController.swift */; };
		8BBE8F281A8D6476001861DE /* SwiftyJSON.swift in Sources */ = {isa = PBXBuildFile; fileRef = 8BBE8F271A8D6476001861DE /* SwiftyJSON.swift */; };
		C1737FE11A8D7DE400FC104F /* chicago.jpeg in Resources */ = {isa = PBXBuildFile; fileRef = C1737FE01A8D7DE400FC104F /* chicago.jpeg */; };
		C1737FE51A8D7E8200FC104F /* DetailViewController.swift in Sources */ = {isa = PBXBuildFile; fileRef = C1737FE41A8D7E8200FC104F /* DetailViewController.swift */; };
		C1737FE71A8D7EB900FC104F /* Attraction.swift in Sources */ = {isa = PBXBuildFile; fileRef = C1737FE61A8D7EB900FC104F /* Attraction.swift */; };
		C1737FE91A8D7EDC00FC104F /* AttractionBuilder.swift in Sources */ = {isa = PBXBuildFile; fileRef = C1737FE81A8D7EDC00FC104F /* AttractionBuilder.swift */; };
		C1737FEB1A8D7EF100FC104F /* JSONFactory.swift in Sources */ = {isa = PBXBuildFile; fileRef = C1737FEA1A8D7EF100FC104F /* JSONFactory.swift */; };
		C1737FED1A8D7F0500FC104F /* JSONObject.swift in Sources */ = {isa = PBXBuildFile; fileRef = C1737FEC1A8D7F0500FC104F /* JSONObject.swift */; };
		C1737FEF1A8D859900FC104F /* Mic.png in Resources */ = {isa = PBXBuildFile; fileRef = C1737FEE1A8D859900FC104F /* Mic.png */; };
/* End PBXBuildFile section */

/* Begin PBXContainerItemProxy section */
		08B8551B1A79F90F006F035F /* PBXContainerItemProxy */ = {
			isa = PBXContainerItemProxy;
			containerPortal = 08B854FA1A79F90E006F035F /* Project object */;
			proxyType = 1;
			remoteGlobalIDString = 08B855011A79F90F006F035F;
			remoteInfo = CityAudioTour;
		};
/* End PBXContainerItemProxy section */

/* Begin PBXFileReference section */
		081F46C71A8879B50072BA16 /* MapViewAttraction.swift */ = {isa = PBXFileReference; fileEncoding = 4; lastKnownFileType = sourcecode.swift; path = MapViewAttraction.swift; sourceTree = "<group>"; };
		08277B8A1A8478FC00D97F65 /* MapKit.framework */ = {isa = PBXFileReference; lastKnownFileType = wrapper.framework; name = MapKit.framework; path = System/Library/Frameworks/MapKit.framework; sourceTree = SDKROOT; };
		083AEF451A899117004D6874 /* TestLibraryFile.swift */ = {isa = PBXFileReference; fileEncoding = 4; lastKnownFileType = sourcecode.swift; path = TestLibraryFile.swift; sourceTree = "<group>"; };
		083AEF471A899123004D6874 /* CATAzureService.swift */ = {isa = PBXFileReference; fileEncoding = 4; lastKnownFileType = sourcecode.swift; path = CATAzureService.swift; sourceTree = "<group>"; };
		088F035F1A7F04B300292507 /* AVFoundation.framework */ = {isa = PBXFileReference; lastKnownFileType = wrapper.framework; name = AVFoundation.framework; path = System/Library/Frameworks/AVFoundation.framework; sourceTree = SDKROOT; };
		088F03611A7F04B900292507 /* CoreData.framework */ = {isa = PBXFileReference; lastKnownFileType = wrapper.framework; name = CoreData.framework; path = System/Library/Frameworks/CoreData.framework; sourceTree = SDKROOT; };
		088F03631A7F04C200292507 /* CoreLocation.framework */ = {isa = PBXFileReference; lastKnownFileType = wrapper.framework; name = CoreLocation.framework; path = System/Library/Frameworks/CoreLocation.framework; sourceTree = SDKROOT; };
		08B855021A79F90F006F035F /* CityAudioTour.app */ = {isa = PBXFileReference; explicitFileType = wrapper.application; includeInIndex = 0; path = CityAudioTour.app; sourceTree = BUILT_PRODUCTS_DIR; };
		08B855061A79F90F006F035F /* Info.plist */ = {isa = PBXFileReference; lastKnownFileType = text.plist.xml; path = Info.plist; sourceTree = "<group>"; };
		08B855071A79F90F006F035F /* AppDelegate.swift */ = {isa = PBXFileReference; lastKnownFileType = sourcecode.swift; path = AppDelegate.swift; sourceTree = "<group>"; };
		08B8550A1A79F90F006F035F /* CityAudioTour.xcdatamodel */ = {isa = PBXFileReference; lastKnownFileType = wrapper.xcdatamodel; path = CityAudioTour.xcdatamodel; sourceTree = "<group>"; };
		08B8550C1A79F90F006F035F /* MainMapViewController.swift */ = {isa = PBXFileReference; lastKnownFileType = sourcecode.swift; path = MainMapViewController.swift; sourceTree = "<group>"; };
		08B8550F1A79F90F006F035F /* Base */ = {isa = PBXFileReference; lastKnownFileType = file.storyboard; name = Base; path = Base.lproj/Main.storyboard; sourceTree = "<group>"; };
		08B855111A79F90F006F035F /* Images.xcassets */ = {isa = PBXFileReference; lastKnownFileType = folder.assetcatalog; path = Images.xcassets; sourceTree = "<group>"; };
		08B855141A79F90F006F035F /* Base */ = {isa = PBXFileReference; lastKnownFileType = file.xib; name = Base; path = Base.lproj/LaunchScreen.xib; sourceTree = "<group>"; };
		08B8551A1A79F90F006F035F /* CityAudioTourTests.xctest */ = {isa = PBXFileReference; explicitFileType = wrapper.cfbundle; includeInIndex = 0; path = CityAudioTourTests.xctest; sourceTree = BUILT_PRODUCTS_DIR; };
		08B8551F1A79F90F006F035F /* Info.plist */ = {isa = PBXFileReference; lastKnownFileType = text.plist.xml; path = Info.plist; sourceTree = "<group>"; };
		08B855201A79F90F006F035F /* CityAudioTourTests.swift */ = {isa = PBXFileReference; lastKnownFileType = sourcecode.swift; path = CityAudioTourTests.swift; sourceTree = "<group>"; };
		8BBE8F231A8D4058001861DE /* TextToSpeechViewController.swift */ = {isa = PBXFileReference; fileEncoding = 4; lastKnownFileType = sourcecode.swift; path = TextToSpeechViewController.swift; sourceTree = "<group>"; };
		8BBE8F271A8D6476001861DE /* SwiftyJSON.swift */ = {isa = PBXFileReference; fileEncoding = 4; lastKnownFileType = sourcecode.swift; path = SwiftyJSON.swift; sourceTree = "<group>"; };
		C1737FE01A8D7DE400FC104F /* chicago.jpeg */ = {isa = PBXFileReference; lastKnownFileType = image.jpeg; path = chicago.jpeg; sourceTree = "<group>"; };
		C1737FE41A8D7E8200FC104F /* DetailViewController.swift */ = {isa = PBXFileReference; fileEncoding = 4; lastKnownFileType = sourcecode.swift; path = DetailViewController.swift; sourceTree = "<group>"; };
		C1737FE61A8D7EB900FC104F /* Attraction.swift */ = {isa = PBXFileReference; fileEncoding = 4; lastKnownFileType = sourcecode.swift; path = Attraction.swift; sourceTree = "<group>"; };
		C1737FE81A8D7EDC00FC104F /* AttractionBuilder.swift */ = {isa = PBXFileReference; fileEncoding = 4; lastKnownFileType = sourcecode.swift; path = AttractionBuilder.swift; sourceTree = "<group>"; };
		C1737FEA1A8D7EF100FC104F /* JSONFactory.swift */ = {isa = PBXFileReference; fileEncoding = 4; lastKnownFileType = sourcecode.swift; path = JSONFactory.swift; sourceTree = "<group>"; };
		C1737FEC1A8D7F0500FC104F /* JSONObject.swift */ = {isa = PBXFileReference; fileEncoding = 4; lastKnownFileType = sourcecode.swift; path = JSONObject.swift; sourceTree = "<group>"; };
		C1737FEE1A8D859900FC104F /* Mic.png */ = {isa = PBXFileReference; lastKnownFileType = image.png; path = Mic.png; sourceTree = "<group>"; };
/* End PBXFileReference section */

/* Begin PBXFrameworksBuildPhase section */
		08B854FF1A79F90F006F035F /* Frameworks */ = {
			isa = PBXFrameworksBuildPhase;
			buildActionMask = 2147483647;
			files = (
				08277B8B1A8478FC00D97F65 /* MapKit.framework in Frameworks */,
				088F03641A7F04C200292507 /* CoreLocation.framework in Frameworks */,
				088F03621A7F04B900292507 /* CoreData.framework in Frameworks */,
				088F03601A7F04B300292507 /* AVFoundation.framework in Frameworks */,
			);
			runOnlyForDeploymentPostprocessing = 0;
		};
		08B855171A79F90F006F035F /* Frameworks */ = {
			isa = PBXFrameworksBuildPhase;
			buildActionMask = 2147483647;
			files = (
			);
			runOnlyForDeploymentPostprocessing = 0;
		};
/* End PBXFrameworksBuildPhase section */

/* Begin PBXGroup section */
		08277B8C1A8484F800D97F65 /* Models */ = {
			isa = PBXGroup;
			children = (
				081F46C71A8879B50072BA16 /* MapViewAttraction.swift */,
			);
			name = Models;
			sourceTree = "<group>";
		};
		083AEF421A898FF2004D6874 /* Controllers */ = {
			isa = PBXGroup;
			children = (
				08B8550C1A79F90F006F035F /* MainMapViewController.swift */,
				8BBE8F231A8D4058001861DE /* TextToSpeechViewController.swift */,
				C1737FE41A8D7E8200FC104F /* DetailViewController.swift */,
			);
			name = Controllers;
			sourceTree = "<group>";
		};
		083AEF431A89900A004D6874 /* Services */ = {
			isa = PBXGroup;
			children = (
				083AEF471A899123004D6874 /* CATAzureService.swift */,
			);
			name = Services;
			sourceTree = "<group>";
		};
		083AEF441A899012004D6874 /* Libraries */ = {
			isa = PBXGroup;
			children = (
				083AEF451A899117004D6874 /* TestLibraryFile.swift */,
				8BBE8F271A8D6476001861DE /* SwiftyJSON.swift */,
			);
			name = Libraries;
			sourceTree = "<group>";
		};
		08B854F91A79F90E006F035F = {
			isa = PBXGroup;
			children = (
				08277B8A1A8478FC00D97F65 /* MapKit.framework */,
				088F03631A7F04C200292507 /* CoreLocation.framework */,
				088F03611A7F04B900292507 /* CoreData.framework */,
				088F035F1A7F04B300292507 /* AVFoundation.framework */,
				08B855041A79F90F006F035F /* CityAudioTour */,
				08B8551D1A79F90F006F035F /* CityAudioTourTests */,
				08B855031A79F90F006F035F /* Products */,
			);
			sourceTree = "<group>";
		};
		08B855031A79F90F006F035F /* Products */ = {
			isa = PBXGroup;
			children = (
				08B855021A79F90F006F035F /* CityAudioTour.app */,
				08B8551A1A79F90F006F035F /* CityAudioTourTests.xctest */,
			);
			name = Products;
			sourceTree = "<group>";
		};
		08B855041A79F90F006F035F /* CityAudioTour */ = {
			isa = PBXGroup;
			children = (
				083AEF441A899012004D6874 /* Libraries */,
				083AEF431A89900A004D6874 /* Services */,
				083AEF421A898FF2004D6874 /* Controllers */,
				08277B8C1A8484F800D97F65 /* Models */,
				08B855071A79F90F006F035F /* AppDelegate.swift */,
				08B8550E1A79F90F006F035F /* Main.storyboard */,
				C1737FE01A8D7DE400FC104F /* chicago.jpeg */,
				C1737FEE1A8D859900FC104F /* Mic.png */,
				08B855111A79F90F006F035F /* Images.xcassets */,
				08B855131A79F90F006F035F /* LaunchScreen.xib */,
				08B855091A79F90F006F035F /* CityAudioTour.xcdatamodeld */,
				08B855051A79F90F006F035F /* Supporting Files */,
			);
			path = CityAudioTour;
			sourceTree = "<group>";
		};
		08B855051A79F90F006F035F /* Supporting Files */ = {
			isa = PBXGroup;
			children = (
				08B855061A79F90F006F035F /* Info.plist */,
				C1737FE61A8D7EB900FC104F /* Attraction.swift */,
				C1737FE81A8D7EDC00FC104F /* AttractionBuilder.swift */,
				C1737FEA1A8D7EF100FC104F /* JSONFactory.swift */,
				C1737FEC1A8D7F0500FC104F /* JSONObject.swift */,
			);
			name = "Supporting Files";
			sourceTree = "<group>";
		};
		08B8551D1A79F90F006F035F /* CityAudioTourTests */ = {
			isa = PBXGroup;
			children = (
				08B855201A79F90F006F035F /* CityAudioTourTests.swift */,
				08B8551E1A79F90F006F035F /* Supporting Files */,
			);
			path = CityAudioTourTests;
			sourceTree = "<group>";
		};
		08B8551E1A79F90F006F035F /* Supporting Files */ = {
			isa = PBXGroup;
			children = (
				08B8551F1A79F90F006F035F /* Info.plist */,
			);
			name = "Supporting Files";
			sourceTree = "<group>";
		};
/* End PBXGroup section */

/* Begin PBXNativeTarget section */
		08B855011A79F90F006F035F /* CityAudioTour */ = {
			isa = PBXNativeTarget;
			buildConfigurationList = 08B855241A79F90F006F035F /* Build configuration list for PBXNativeTarget "CityAudioTour" */;
			buildPhases = (
				08B854FE1A79F90F006F035F /* Sources */,
				08B854FF1A79F90F006F035F /* Frameworks */,
				08B855001A79F90F006F035F /* Resources */,
			);
			buildRules = (
			);
			dependencies = (
			);
			name = CityAudioTour;
			productName = CityAudioTour;
			productReference = 08B855021A79F90F006F035F /* CityAudioTour.app */;
			productType = "com.apple.product-type.application";
		};
		08B855191A79F90F006F035F /* CityAudioTourTests */ = {
			isa = PBXNativeTarget;
			buildConfigurationList = 08B855271A79F90F006F035F /* Build configuration list for PBXNativeTarget "CityAudioTourTests" */;
			buildPhases = (
				08B855161A79F90F006F035F /* Sources */,
				08B855171A79F90F006F035F /* Frameworks */,
				08B855181A79F90F006F035F /* Resources */,
			);
			buildRules = (
			);
			dependencies = (
				08B8551C1A79F90F006F035F /* PBXTargetDependency */,
			);
			name = CityAudioTourTests;
			productName = CityAudioTourTests;
			productReference = 08B8551A1A79F90F006F035F /* CityAudioTourTests.xctest */;
			productType = "com.apple.product-type.bundle.unit-test";
		};
/* End PBXNativeTarget section */

/* Begin PBXProject section */
		08B854FA1A79F90E006F035F /* Project object */ = {
			isa = PBXProject;
			attributes = {
				LastUpgradeCheck = 0610;
				ORGANIZATIONNAME = "SE491-591";
				TargetAttributes = {
					08B855011A79F90F006F035F = {
						CreatedOnToolsVersion = 6.1.1;
					};
					08B855191A79F90F006F035F = {
						CreatedOnToolsVersion = 6.1.1;
						TestTargetID = 08B855011A79F90F006F035F;
					};
				};
			};
			buildConfigurationList = 08B854FD1A79F90E006F035F /* Build configuration list for PBXProject "CityAudioTour" */;
			compatibilityVersion = "Xcode 3.2";
			developmentRegion = English;
			hasScannedForEncodings = 0;
			knownRegions = (
				en,
				Base,
			);
			mainGroup = 08B854F91A79F90E006F035F;
			productRefGroup = 08B855031A79F90F006F035F /* Products */;
			projectDirPath = "";
			projectRoot = "";
			targets = (
				08B855011A79F90F006F035F /* CityAudioTour */,
				08B855191A79F90F006F035F /* CityAudioTourTests */,
			);
		};
/* End PBXProject section */

/* Begin PBXResourcesBuildPhase section */
		08B855001A79F90F006F035F /* Resources */ = {
			isa = PBXResourcesBuildPhase;
			buildActionMask = 2147483647;
			files = (
				08B855101A79F90F006F035F /* Main.storyboard in Resources */,
				08B855151A79F90F006F035F /* LaunchScreen.xib in Resources */,
				C1737FE11A8D7DE400FC104F /* chicago.jpeg in Resources */,
				08B855121A79F90F006F035F /* Images.xcassets in Resources */,
				C1737FEF1A8D859900FC104F /* Mic.png in Resources */,
			);
			runOnlyForDeploymentPostprocessing = 0;
		};
		08B855181A79F90F006F035F /* Resources */ = {
			isa = PBXResourcesBuildPhase;
			buildActionMask = 2147483647;
			files = (
			);
			runOnlyForDeploymentPostprocessing = 0;
		};
/* End PBXResourcesBuildPhase section */

/* Begin PBXSourcesBuildPhase section */
		08B854FE1A79F90F006F035F /* Sources */ = {
			isa = PBXSourcesBuildPhase;
			buildActionMask = 2147483647;
			files = (
				C1737FE91A8D7EDC00FC104F /* AttractionBuilder.swift in Sources */,
				C1737FE51A8D7E8200FC104F /* DetailViewController.swift in Sources */,
				C1737FEB1A8D7EF100FC104F /* JSONFactory.swift in Sources */,
				083AEF461A899117004D6874 /* TestLibraryFile.swift in Sources */,
				C1737FE71A8D7EB900FC104F /* Attraction.swift in Sources */,
				081F46C81A8879B50072BA16 /* MapViewAttraction.swift in Sources */,
				08B8550D1A79F90F006F035F /* MainMapViewController.swift in Sources */,
				C1737FED1A8D7F0500FC104F /* JSONObject.swift in Sources */,
				8BBE8F281A8D6476001861DE /* SwiftyJSON.swift in Sources */,
				08B855081A79F90F006F035F /* AppDelegate.swift in Sources */,
				08B8550B1A79F90F006F035F /* CityAudioTour.xcdatamodeld in Sources */,
				8BBE8F241A8D4058001861DE /* TextToSpeechViewController.swift in Sources */,
				083AEF481A899123004D6874 /* CATAzureService.swift in Sources */,
			);
			runOnlyForDeploymentPostprocessing = 0;
		};
		08B855161A79F90F006F035F /* Sources */ = {
			isa = PBXSourcesBuildPhase;
			buildActionMask = 2147483647;
			files = (
				08B855211A79F90F006F035F /* CityAudioTourTests.swift in Sources */,
			);
			runOnlyForDeploymentPostprocessing = 0;
		};
/* End PBXSourcesBuildPhase section */

/* Begin PBXTargetDependency section */
		08B8551C1A79F90F006F035F /* PBXTargetDependency */ = {
			isa = PBXTargetDependency;
			target = 08B855011A79F90F006F035F /* CityAudioTour */;
			targetProxy = 08B8551B1A79F90F006F035F /* PBXContainerItemProxy */;
		};
/* End PBXTargetDependency section */

/* Begin PBXVariantGroup section */
		08B8550E1A79F90F006F035F /* Main.storyboard */ = {
			isa = PBXVariantGroup;
			children = (
				08B8550F1A79F90F006F035F /* Base */,
			);
			name = Main.storyboard;
			sourceTree = "<group>";
		};
		08B855131A79F90F006F035F /* LaunchScreen.xib */ = {
			isa = PBXVariantGroup;
			children = (
				08B855141A79F90F006F035F /* Base */,
			);
			name = LaunchScreen.xib;
			sourceTree = "<group>";
		};
/* End PBXVariantGroup section */

/* Begin XCBuildConfiguration section */
		08B855221A79F90F006F035F /* Debug */ = {
			isa = XCBuildConfiguration;
			buildSettings = {
				ALWAYS_SEARCH_USER_PATHS = NO;
				CLANG_CXX_LANGUAGE_STANDARD = "gnu++0x";
				CLANG_CXX_LIBRARY = "libc++";
				CLANG_ENABLE_MODULES = YES;
				CLANG_ENABLE_OBJC_ARC = YES;
				CLANG_WARN_BOOL_CONVERSION = YES;
				CLANG_WARN_CONSTANT_CONVERSION = YES;
				CLANG_WARN_DIRECT_OBJC_ISA_USAGE = YES_ERROR;
				CLANG_WARN_EMPTY_BODY = YES;
				CLANG_WARN_ENUM_CONVERSION = YES;
				CLANG_WARN_INT_CONVERSION = YES;
				CLANG_WARN_OBJC_ROOT_CLASS = YES_ERROR;
				CLANG_WARN_UNREACHABLE_CODE = YES;
				CLANG_WARN__DUPLICATE_METHOD_MATCH = YES;
				"CODE_SIGN_IDENTITY[sdk=iphoneos*]" = "iPhone Developer";
				COPY_PHASE_STRIP = NO;
				ENABLE_STRICT_OBJC_MSGSEND = YES;
				GCC_C_LANGUAGE_STANDARD = gnu99;
				GCC_DYNAMIC_NO_PIC = NO;
				GCC_OPTIMIZATION_LEVEL = 0;
				GCC_PREPROCESSOR_DEFINITIONS = (
					"DEBUG=1",
					"$(inherited)",
				);
				GCC_SYMBOLS_PRIVATE_EXTERN = NO;
				GCC_WARN_64_TO_32_BIT_CONVERSION = YES;
				GCC_WARN_ABOUT_RETURN_TYPE = YES_ERROR;
				GCC_WARN_UNDECLARED_SELECTOR = YES;
				GCC_WARN_UNINITIALIZED_AUTOS = YES_AGGRESSIVE;
				GCC_WARN_UNUSED_FUNCTION = YES;
				GCC_WARN_UNUSED_VARIABLE = YES;
				IPHONEOS_DEPLOYMENT_TARGET = 8.1;
				MTL_ENABLE_DEBUG_INFO = YES;
				ONLY_ACTIVE_ARCH = YES;
				OTHER_LDFLAGS = "";
				SDKROOT = iphoneos;
				SWIFT_OPTIMIZATION_LEVEL = "-Onone";
			};
			name = Debug;
		};
		08B855231A79F90F006F035F /* Release */ = {
			isa = XCBuildConfiguration;
			buildSettings = {
				ALWAYS_SEARCH_USER_PATHS = NO;
				CLANG_CXX_LANGUAGE_STANDARD = "gnu++0x";
				CLANG_CXX_LIBRARY = "libc++";
				CLANG_ENABLE_MODULES = YES;
				CLANG_ENABLE_OBJC_ARC = YES;
				CLANG_WARN_BOOL_CONVERSION = YES;
				CLANG_WARN_CONSTANT_CONVERSION = YES;
				CLANG_WARN_DIRECT_OBJC_ISA_USAGE = YES_ERROR;
				CLANG_WARN_EMPTY_BODY = YES;
				CLANG_WARN_ENUM_CONVERSION = YES;
				CLANG_WARN_INT_CONVERSION = YES;
				CLANG_WARN_OBJC_ROOT_CLASS = YES_ERROR;
				CLANG_WARN_UNREACHABLE_CODE = YES;
				CLANG_WARN__DUPLICATE_METHOD_MATCH = YES;
				"CODE_SIGN_IDENTITY[sdk=iphoneos*]" = "iPhone Developer";
				COPY_PHASE_STRIP = YES;
				ENABLE_NS_ASSERTIONS = NO;
				ENABLE_STRICT_OBJC_MSGSEND = YES;
				GCC_C_LANGUAGE_STANDARD = gnu99;
				GCC_WARN_64_TO_32_BIT_CONVERSION = YES;
				GCC_WARN_ABOUT_RETURN_TYPE = YES_ERROR;
				GCC_WARN_UNDECLARED_SELECTOR = YES;
				GCC_WARN_UNINITIALIZED_AUTOS = YES_AGGRESSIVE;
				GCC_WARN_UNUSED_FUNCTION = YES;
				GCC_WARN_UNUSED_VARIABLE = YES;
				IPHONEOS_DEPLOYMENT_TARGET = 8.1;
				MTL_ENABLE_DEBUG_INFO = NO;
				OTHER_LDFLAGS = "";
				SDKROOT = iphoneos;
				VALIDATE_PRODUCT = YES;
			};
			name = Release;
		};
		08B855251A79F90F006F035F /* Debug */ = {
			isa = XCBuildConfiguration;
			buildSettings = {
				ASSETCATALOG_COMPILER_APPICON_NAME = AppIcon;
				CLANG_ENABLE_MODULES = YES;
				FRAMEWORK_SEARCH_PATHS = (
					"$(inherited)",
					"/Users/raulreyaso/Downloads/GoogleMaps-iOS-1.9.1",
					"$(PROJECT_DIR)",
				);
				INFOPLIST_FILE = CityAudioTour/Info.plist;
				LD_RUNPATH_SEARCH_PATHS = "$(inherited) @executable_path/Frameworks";
				PRODUCT_NAME = "$(TARGET_NAME)";
				SWIFT_OBJC_BRIDGING_HEADER = "CityAudioTour/CityAudioTour-Bridging-Header.h";
				SWIFT_OPTIMIZATION_LEVEL = "-Onone";
			};
			name = Debug;
		};
		08B855261A79F90F006F035F /* Release */ = {
			isa = XCBuildConfiguration;
			buildSettings = {
				ASSETCATALOG_COMPILER_APPICON_NAME = AppIcon;
				CLANG_ENABLE_MODULES = YES;
				FRAMEWORK_SEARCH_PATHS = (
					"$(inherited)",
					"/Users/raulreyaso/Downloads/GoogleMaps-iOS-1.9.1",
					"$(PROJECT_DIR)",
				);
				INFOPLIST_FILE = CityAudioTour/Info.plist;
				LD_RUNPATH_SEARCH_PATHS = "$(inherited) @executable_path/Frameworks";
				PRODUCT_NAME = "$(TARGET_NAME)";
				SWIFT_OBJC_BRIDGING_HEADER = "CityAudioTour/CityAudioTour-Bridging-Header.h";
			};
			name = Release;
		};
		08B855281A79F90F006F035F /* Debug */ = {
			isa = XCBuildConfiguration;
			buildSettings = {
				BUNDLE_LOADER = "$(TEST_HOST)";
				FRAMEWORK_SEARCH_PATHS = (
					"$(SDKROOT)/Developer/Library/Frameworks",
					"$(inherited)",
				);
				GCC_PREPROCESSOR_DEFINITIONS = (
					"DEBUG=1",
					"$(inherited)",
				);
				INFOPLIST_FILE = CityAudioTourTests/Info.plist;
				LD_RUNPATH_SEARCH_PATHS = "$(inherited) @executable_path/Frameworks @loader_path/Frameworks";
				PRODUCT_NAME = "$(TARGET_NAME)";
				TEST_HOST = "$(BUILT_PRODUCTS_DIR)/CityAudioTour.app/CityAudioTour";
			};
			name = Debug;
		};
		08B855291A79F90F006F035F /* Release */ = {
			isa = XCBuildConfiguration;
			buildSettings = {
				BUNDLE_LOADER = "$(TEST_HOST)";
				FRAMEWORK_SEARCH_PATHS = (
					"$(SDKROOT)/Developer/Library/Frameworks",
					"$(inherited)",
				);
				INFOPLIST_FILE = CityAudioTourTests/Info.plist;
				LD_RUNPATH_SEARCH_PATHS = "$(inherited) @executable_path/Frameworks @loader_path/Frameworks";
				PRODUCT_NAME = "$(TARGET_NAME)";
				TEST_HOST = "$(BUILT_PRODUCTS_DIR)/CityAudioTour.app/CityAudioTour";
			};
			name = Release;
		};
/* End XCBuildConfiguration section */

/* Begin XCConfigurationList section */
		08B854FD1A79F90E006F035F /* Build configuration list for PBXProject "CityAudioTour" */ = {
			isa = XCConfigurationList;
			buildConfigurations = (
				08B855221A79F90F006F035F /* Debug */,
				08B855231A79F90F006F035F /* Release */,
			);
			defaultConfigurationIsVisible = 0;
			defaultConfigurationName = Release;
		};
		08B855241A79F90F006F035F /* Build configuration list for PBXNativeTarget "CityAudioTour" */ = {
			isa = XCConfigurationList;
			buildConfigurations = (
				08B855251A79F90F006F035F /* Debug */,
				08B855261A79F90F006F035F /* Release */,
			);
			defaultConfigurationIsVisible = 0;
			defaultConfigurationName = Release;
		};
		08B855271A79F90F006F035F /* Build configuration list for PBXNativeTarget "CityAudioTourTests" */ = {
			isa = XCConfigurationList;
			buildConfigurations = (
				08B855281A79F90F006F035F /* Debug */,
				08B855291A79F90F006F035F /* Release */,
			);
			defaultConfigurationIsVisible = 0;
			defaultConfigurationName = Release;
		};
/* End XCConfigurationList section */

/* Begin XCVersionGroup section */
		08B855091A79F90F006F035F /* CityAudioTour.xcdatamodeld */ = {
			isa = XCVersionGroup;
			children = (
				08B8550A1A79F90F006F035F /* CityAudioTour.xcdatamodel */,
			);
			currentVersion = 08B8550A1A79F90F006F035F /* CityAudioTour.xcdatamodel */;
			path = CityAudioTour.xcdatamodeld;
			sourceTree = "<group>";
			versionGroupType = wrapper.xcdatamodel;
		};
/* End XCVersionGroup section */
	};
	rootObject = 08B854FA1A79F90E006F035F /* Project object */;
}
